// !$*UTF8*$!
{
	archiveVersion = 1;
	classes = {
	};
	objectVersion = 77;
	objects = {

/* Begin PBXBuildFile section */
		AE0000000000000000001B /* AteKit in Frameworks */ = {isa = PBXBuildFile; productRef = AE00000000000000000017 /* AteKit */; };
		AE0000000000000000001C /* Supabase in Frameworks */ = {isa = PBXBuildFile; productRef = AE00000000000000000018 /* Supabase */; };
		AE0000000000000000001D /* Sentry in Frameworks */ = {isa = PBXBuildFile; productRef = AE00000000000000000019 /* Sentry */; };
		AE0000000000000000001E /* TelemetryDeck in Frameworks */ = {isa = PBXBuildFile; productRef = AE0000000000000000001A /* TelemetryDeck */; };
/* End PBXBuildFile section */

/* Begin PBXFileReference section */
		AE00000000000000000006 /* Ate.app */ = {isa = PBXFileReference; explicitFileType = wrapper.application; includeInIndex = 0; path = Ate.app; sourceTree = BUILT_PRODUCTS_DIR; };
		AE00000000000000000007 /* Debug.xcconfig */ = {isa = PBXFileReference; lastKnownFileType = text.xcconfig; path = Debug.xcconfig; sourceTree = "<group>"; };
		AE00000000000000000008 /* Release.xcconfig */ = {isa = PBXFileReference; lastKnownFileType = text.xcconfig; path = Release.xcconfig; sourceTree = "<group>"; };
		AE0000000000000000001F /* Info.plist */ = {isa = PBXFileReference; lastKnownFileType = text.plist.xml; path = Info.plist; sourceTree = "<group>"; };
		AE00000000000000000020 /* Secrets.example.xcconfig */ = {isa = PBXFileReference; lastKnownFileType = text.xcconfig; path = Secrets.example.xcconfig; sourceTree = "<group>"; };
/* End PBXFileReference section */

/* Begin PBXFileSystemSynchronizedRootGroup section */
		AE00000000000000000012 /* App */ = {
			isa = PBXFileSystemSynchronizedRootGroup;
			path = App;
			sourceTree = "<group>";
		};
/* End PBXFileSystemSynchronizedRootGroup section */

/* Begin PBXFrameworksBuildPhase section */
		AE0000000000000000000A /* Frameworks */ = {
			isa = PBXFrameworksBuildPhase;
			buildActionMask = 2147483647;
			files = (
				AE0000000000000000001B /* AteKit in Frameworks */,
				AE0000000000000000001C /* Supabase in Frameworks */,
				AE0000000000000000001D /* Sentry in Frameworks */,
				AE0000000000000000001E /* TelemetryDeck in Frameworks */,
			);
			runOnlyForDeploymentPostprocessing = 0;
		};
/* End PBXFrameworksBuildPhase section */

/* Begin PBXGroup section */
		AE00000000000000000003 = {
			isa = PBXGroup;
			children = (
				AE00000000000000000012 /* App */,
				AE00000000000000000005 /* Config */,
				AE00000000000000000004 /* Products */,
			);
			sourceTree = "<group>";
		};
		AE00000000000000000004 /* Products */ = {
			isa = PBXGroup;
			children = (
				AE00000000000000000006 /* Ate.app */,
			);
			name = Products;
			sourceTree = "<group>";
		};
		AE00000000000000000005 /* Config */ = {
			isa = PBXGroup;
			children = (
				AE00000000000000000007 /* Debug.xcconfig */,
				AE00000000000000000008 /* Release.xcconfig */,
				AE00000000000000000020 /* Secrets.example.xcconfig */,
				AE0000000000000000001F /* Info.plist */,
			);
			path = Config;
			sourceTree = "<group>";
		};
/* End PBXGroup section */

/* Begin PBXNativeTarget section */
		AE00000000000000000002 /* Ate */ = {
			isa = PBXNativeTarget;
			buildConfigurationList = AE0000000000000000000F /* Build configuration list for PBXNativeTarget "Ate" */;
			buildPhases = (
				AE00000000000000000009 /* Sources */,
				AE0000000000000000000A /* Frameworks */,
				AE0000000000000000000B /* Resources */,
			);
			buildRules = (
			);
			dependencies = (
			);
			fileSystemSynchronizedGroups = (
				AE00000000000000000012 /* App */,
			);
			name = Ate;
			packageProductDependencies = (
				AE00000000000000000017 /* AteKit */,
				AE00000000000000000018 /* Supabase */,
				AE00000000000000000019 /* Sentry */,
				AE0000000000000000001A /* TelemetryDeck */,
			);
			productName = Ate;
			productReference = AE00000000000000000006 /* Ate.app */;
			productType = "com.apple.product-type.application";
		};
/* End PBXNativeTarget section */

/* Begin PBXProject section */
		AE00000000000000000001 /* Project object */ = {
			isa = PBXProject;
			attributes = {
				BuildIndependentTargetsInParallel = 1;
				LastSwiftUpdateCheck = 2650;
				LastUpgradeCheck = 2650;
				TargetAttributes = {
					AE00000000000000000002 = {
						CreatedOnToolsVersion = 26.5;
					};
				};
			};
			buildConfigurationList = AE0000000000000000000C /* Build configuration list for PBXProject "Ate" */;
			developmentRegion = en;
			hasScannedForEncodings = 0;
			knownRegions = (
				en,
				Base,
			);
			mainGroup = AE00000000000000000003;
			minimizedProjectReferenceProxies = 1;
			packageReferences = (
				AE00000000000000000013 /* XCLocalSwiftPackageReference "AteKit" */,
				AE00000000000000000014 /* XCRemoteSwiftPackageReference "supabase-swift" */,
				AE00000000000000000015 /* XCRemoteSwiftPackageReference "sentry-cocoa" */,
				AE00000000000000000016 /* XCRemoteSwiftPackageReference "SwiftSDK" */,
			);
			preferredProjectObjectVersion = 77;
			productRefGroup = AE00000000000000000004 /* Products */;
			projectDirPath = "";
			projectRoot = "";
			targets = (
				AE00000000000000000002 /* Ate */,
			);
		};
/* End PBXProject section */

/* Begin PBXResourcesBuildPhase section */
		AE0000000000000000000B /* Resources */ = {
			isa = PBXResourcesBuildPhase;
			buildActionMask = 2147483647;
			files = (
			);
			runOnlyForDeploymentPostprocessing = 0;
		};
/* End PBXResourcesBuildPhase section */

/* Begin PBXSourcesBuildPhase section */
		AE00000000000000000009 /* Sources */ = {
			isa = PBXSourcesBuildPhase;
			buildActionMask = 2147483647;
			files = (
			);
			runOnlyForDeploymentPostprocessing = 0;
		};
/* End PBXSourcesBuildPhase section */

/* Begin XCBuildConfiguration section */
		AE0000000000000000000D /* Debug */ = {
			isa = XCBuildConfiguration;
			baseConfigurationReference = AE00000000000000000007 /* Debug.xcconfig */;
			buildSettings = {
				ALWAYS_SEARCH_USER_PATHS = NO;
				ASSETCATALOG_COMPILER_GENERATE_SWIFT_ASSET_SYMBOL_EXTENSIONS = YES;
				CLANG_ANALYZER_NONNULL = YES;
				CLANG_ENABLE_MODULES = YES;
				CLANG_ENABLE_OBJC_ARC = YES;
				COPY_PHASE_STRIP = NO;
				DEBUG_INFORMATION_FORMAT = dwarf;
				ENABLE_STRICT_OBJC_MSGSEND = YES;
				ENABLE_TESTABILITY = YES;
				ENABLE_USER_SCRIPT_SANDBOXING = YES;
				GCC_C_LANGUAGE_STANDARD = gnu17;
				GCC_NO_COMMON_BLOCKS = YES;
				GCC_OPTIMIZATION_LEVEL = 0;
				GCC_PREPROCESSOR_DEFINITIONS = (
					"DEBUG=1",
					"$(inherited)",
				);
				IPHONEOS_DEPLOYMENT_TARGET = 26.0;
				MTL_ENABLE_DEBUG_INFO = INCLUDE_SOURCE;
				MTL_FAST_MATH = YES;
				ONLY_ACTIVE_ARCH = YES;
				SDKROOT = iphoneos;
				SUPPORTED_PLATFORMS = "iphoneos iphonesimulator";
				SWIFT_ACTIVE_COMPILATION_CONDITIONS = "DEBUG $(inherited)";
				SWIFT_APPROACHABLE_CONCURRENCY = YES;
				SWIFT_OPTIMIZATION_LEVEL = "-Onone";
				SWIFT_STRICT_CONCURRENCY = complete;
				SWIFT_VERSION = 6.0;
			};
			name = Debug;
		};
		AE0000000000000000000E /* Release */ = {
			isa = XCBuildConfiguration;
			baseConfigurationReference = AE00000000000000000008 /* Release.xcconfig */;
			buildSettings = {
				ALWAYS_SEARCH_USER_PATHS = NO;
				ASSETCATALOG_COMPILER_GENERATE_SWIFT_ASSET_SYMBOL_EXTENSIONS = YES;
				CLANG_ANALYZER_NONNULL = YES;
				CLANG_ENABLE_MODULES = YES;
				CLANG_ENABLE_OBJC_ARC = YES;
				COPY_PHASE_STRIP = NO;
				DEBUG_INFORMATION_FORMAT = "dwarf-with-dsym";
				ENABLE_NS_ASSERTIONS = NO;
				ENABLE_STRICT_OBJC_MSGSEND = YES;
				ENABLE_USER_SCRIPT_SANDBOXING = YES;
				GCC_C_LANGUAGE_STANDARD = gnu17;
				GCC_NO_COMMON_BLOCKS = YES;
				IPHONEOS_DEPLOYMENT_TARGET = 26.0;
				MTL_ENABLE_DEBUG_INFO = NO;
				MTL_FAST_MATH = YES;
				SDKROOT = iphoneos;
				SUPPORTED_PLATFORMS = "iphoneos iphonesimulator";
				SWIFT_APPROACHABLE_CONCURRENCY = YES;
				SWIFT_COMPILATION_MODE = wholemodule;
				SWIFT_STRICT_CONCURRENCY = complete;
				SWIFT_VERSION = 6.0;
				VALIDATE_PRODUCT = YES;
			};
			name = Release;
		};
		AE00000000000000000010 /* Debug */ = {
			isa = XCBuildConfiguration;
			buildSettings = {
				ASSETCATALOG_COMPILER_APPICON_NAME = AppIcon;
				ASSETCATALOG_COMPILER_GLOBAL_ACCENT_COLOR_NAME = AccentColor;
				CODE_SIGN_STYLE = Automatic;
				CURRENT_PROJECT_VERSION = 1;
				ENABLE_PREVIEWS = YES;
				EXCLUDED_SOURCE_FILE_NAMES = ".gitkeep";
				GENERATE_INFOPLIST_FILE = NO;
				INFOPLIST_FILE = Config/Info.plist;
				LD_RUNPATH_SEARCH_PATHS = (
					"$(inherited)",
					"@executable_path/Frameworks",
				);
				MARKETING_VERSION = 0.1.0;
				PRODUCT_BUNDLE_IDENTIFIER = com.eamongracias.ate;
				PRODUCT_NAME = "$(TARGET_NAME)";
				SWIFT_EMIT_LOC_STRINGS = YES;
				TARGETED_DEVICE_FAMILY = 1;
			};
			name = Debug;
		};
		AE00000000000000000011 /* Release */ = {
			isa = XCBuildConfiguration;
			buildSettings = {
				ASSETCATALOG_COMPILER_APPICON_NAME = AppIcon;
				ASSETCATALOG_COMPILER_GLOBAL_ACCENT_COLOR_NAME = AccentColor;
				CODE_SIGN_STYLE = Automatic;
				CURRENT_PROJECT_VERSION = 1;
				ENABLE_PREVIEWS = YES;
				EXCLUDED_SOURCE_FILE_NAMES = ".gitkeep";
				GENERATE_INFOPLIST_FILE = NO;
				INFOPLIST_FILE = Config/Info.plist;
				LD_RUNPATH_SEARCH_PATHS = (
					"$(inherited)",
					"@executable_path/Frameworks",
				);
				MARKETING_VERSION = 0.1.0;
				PRODUCT_BUNDLE_IDENTIFIER = com.eamongracias.ate;
				PRODUCT_NAME = "$(TARGET_NAME)";
				SWIFT_EMIT_LOC_STRINGS = YES;
				TARGETED_DEVICE_FAMILY = 1;
			};
			name = Release;
		};
/* End XCBuildConfiguration section */

/* Begin XCConfigurationList section */
		AE0000000000000000000C /* Build configuration list for PBXProject "Ate" */ = {
			isa = XCConfigurationList;
			buildConfigurations = (
				AE0000000000000000000D /* Debug */,
				AE0000000000000000000E /* Release */,
			);
			defaultConfigurationIsVisible = 0;
			defaultConfigurationName = Release;
		};
		AE0000000000000000000F /* Build configuration list for PBXNativeTarget "Ate" */ = {
			isa = XCConfigurationList;
			buildConfigurations = (
				AE00000000000000000010 /* Debug */,
				AE00000000000000000011 /* Release */,
			);
			defaultConfigurationIsVisible = 0;
			defaultConfigurationName = Release;
		};
/* End XCConfigurationList section */

/* Begin XCLocalSwiftPackageReference section */
		AE00000000000000000013 /* XCLocalSwiftPackageReference "AteKit" */ = {
			isa = XCLocalSwiftPackageReference;
			relativePath = AteKit;
		};
/* End XCLocalSwiftPackageReference section */

/* Begin XCRemoteSwiftPackageReference section */
		AE00000000000000000014 /* XCRemoteSwiftPackageReference "supabase-swift" */ = {
			isa = XCRemoteSwiftPackageReference;
			repositoryURL = "https://github.com/supabase/supabase-swift";
			requirement = {
				kind = upToNextMajorVersion;
				minimumVersion = 2.55.0;
			};
		};
		AE00000000000000000015 /* XCRemoteSwiftPackageReference "sentry-cocoa" */ = {
			isa = XCRemoteSwiftPackageReference;
			repositoryURL = "https://github.com/getsentry/sentry-cocoa";
			requirement = {
				kind = upToNextMajorVersion;
				minimumVersion = 9.26.0;
			};
		};
		AE00000000000000000016 /* XCRemoteSwiftPackageReference "SwiftSDK" */ = {
			isa = XCRemoteSwiftPackageReference;
			repositoryURL = "https://github.com/TelemetryDeck/SwiftSDK";
			requirement = {
				kind = upToNextMajorVersion;
				minimumVersion = 2.14.0;
			};
		};
/* End XCRemoteSwiftPackageReference section */

/* Begin XCSwiftPackageProductDependency section */
		AE00000000000000000017 /* AteKit */ = {
			isa = XCSwiftPackageProductDependency;
			productName = AteKit;
		};
		AE00000000000000000018 /* Supabase */ = {
			isa = XCSwiftPackageProductDependency;
			package = AE00000000000000000014 /* XCRemoteSwiftPackageReference "supabase-swift" */;
			productName = Supabase;
		};
		AE00000000000000000019 /* Sentry */ = {
			isa = XCSwiftPackageProductDependency;
			package = AE00000000000000000015 /* XCRemoteSwiftPackageReference "sentry-cocoa" */;
			productName = Sentry;
		};
		AE0000000000000000001A /* TelemetryDeck */ = {
			isa = XCSwiftPackageProductDependency;
			package = AE00000000000000000016 /* XCRemoteSwiftPackageReference "SwiftSDK" */;
			productName = TelemetryDeck;
		};
/* End XCSwiftPackageProductDependency section */
	};
	rootObject = AE00000000000000000001 /* Project object */;
}
